
Microsoft Visual Studio Solution File, Format Version 12.00
# Visual Studio Version 17
VisualStudioVersion = 17.9.34728.123
MinimumVisualStudioVersion = 10.0.40219.1
Project("{FAE04EC0-301F-11D3-BF4B-00C04F79EFBC}") = "AppReclamacoes.Domain", "AppReclamacoes.Domain\AppReclamacoes.Domain.csproj", "{915D1E68-7EE6-4B9D-8FFB-6D382B27295A}"
EndProject
Global
	GlobalSection(SolutionConfigurationPlatforms) = preSolution
		Debug|Any CPU = Debug|Any CPU
		Release|Any CPU = Release|Any CPU
	EndGlobalSection
	GlobalSection(ProjectConfigurationPlatforms) = postSolution
		{915D1E68-7EE6-4B9D-8FFB-6D382B27295A}.Debug|Any CPU.ActiveCfg = Debug|Any CPU
		{915D1E68-7EE6-4B9D-8FFB-6D382B27295A}.Debug|Any CPU.Build.0 = Debug|Any CPU
		{915D1E68-7EE6-4B9D-8FFB-6D382B27295A}.Release|Any CPU.ActiveCfg = Release|Any CPU
		{915D1E68-7EE6-4B9D-8FFB-6D382B27295A}.Release|Any CPU.Build.0 = Release|Any CPU
	EndGlobalSection
	GlobalSection(SolutionProperties) = preSolution
		HideSolutionNode = FALSE
	EndGlobalSection
	GlobalSection(ExtensibilityGlobals) = postSolution
		SolutionGuid = {288CA312-D374-4A34-B3BE-15195D544C4E}
	EndGlobalSection
EndGlobal
