
Microsoft Visual Studio Solution File, Format Version 12.00
# Visual Studio Version 17
VisualStudioVersion = 17.9.34728.123
MinimumVisualStudioVersion = 10.0.40219.1
Project("{FAE04EC0-301F-11D3-BF4B-00C04F79EFBC}") = "AppReclamacoes.WebUi", "AppReclamacoes.WebUi\AppReclamacoes.WebUi.csproj", "{9BC2CA37-165C-4F85-9490-5907D1EAA537}"
EndProject
Global
	GlobalSection(SolutionConfigurationPlatforms) = preSolution
		Debug|Any CPU = Debug|Any CPU
		Release|Any CPU = Release|Any CPU
	EndGlobalSection
	GlobalSection(ProjectConfigurationPlatforms) = postSolution
		{9BC2CA37-165C-4F85-9490-5907D1EAA537}.Debug|Any CPU.ActiveCfg = Debug|Any CPU
		{9BC2CA37-165C-4F85-9490-5907D1EAA537}.Debug|Any CPU.Build.0 = Debug|Any CPU
		{9BC2CA37-165C-4F85-9490-5907D1EAA537}.Release|Any CPU.ActiveCfg = Release|Any CPU
		{9BC2CA37-165C-4F85-9490-5907D1EAA537}.Release|Any CPU.Build.0 = Release|Any CPU
	EndGlobalSection
	GlobalSection(SolutionProperties) = preSolution
		HideSolutionNode = FALSE
	EndGlobalSection
	GlobalSection(ExtensibilityGlobals) = postSolution
		SolutionGuid = {916F5938-42F8-401D-A23B-94E20EED825E}
	EndGlobalSection
EndGlobal
